# THIS IS AN AUTOGENERATED FILE. DO NOT EDIT THIS FILE DIRECTLY.
# yarn lockfile v1


crc64-ecma182@^1.0.0:
  version "1.0.0"
  resolved "https://registry.npmjs.org/crc64-ecma182/-/crc64-ecma182-1.0.0.tgz#52cf47679fbf5ae0ddf573a2068bab9c226f033e"
  integrity sha1-Us9HZ5+/WuDd9XOiBournCJvAz4=
  dependencies:
    nan "^2.7.0"

nan@^2.7.0:
  version "2.14.0"
  resolved "https://registry.npmjs.org/nan/-/nan-2.14.0.tgz#7818f722027b2459a86f0295d434d1fc2336c52c"
  integrity sha512-INOFj37C7k3AfaNTtX8RhsTw7qRy7eLET14cROi9+5HAVbbHuIWUHEauBv5qT4Av2tWasiTY1Jw6puUNqRJXQg==

nanoid@^2.1.0:
  version "2.1.11"
  resolved "https://registry.npmjs.org/nanoid/-/nanoid-2.1.11.tgz#ec24b8a758d591561531b4176a01e3ab4f0f0280"
  integrity sha512-s/snB+WGm6uwi0WjsZdaVcuf3KJXlfGl2LcxgwkEwJF0D/BWzVWAZW/XY4bFaiR7s0Jk3FPvlnepg1H1b1UwlA==

shortid@^2.2.15:
  version "2.2.15"
  resolved "https://registry.npmjs.org/shortid/-/shortid-2.2.15.tgz#2b902eaa93a69b11120373cd42a1f1fe4437c122"
  integrity sha512-5EaCy2mx2Jgc/Fdn9uuDuNIIfWBpzY4XIlhoqtXF6qsf+/+SGZ+FxDdX/ZsMZiWupIWNqAEmiNY4RC+LSmCeOw==
  dependencies:
    nanoid "^2.1.0"
